
Microsoft Visual Studio Solution File, Format Version 12.00
# Visual Studio Version 17
VisualStudioVersion = 17.7.34202.233
MinimumVisualStudioVersion = 10.0.40219.1
Project("{FAE04EC0-301F-11D3-BF4B-00C04F79EFBC}") = "ArmstrongNum", "ArmstrongNum\ArmstrongNum.csproj", "{48E51FA0-A420-4F35-99E7-4CB3006F3247}"
EndProject
Global
	GlobalSection(SolutionConfigurationPlatforms) = preSolution
		Debug|Any CPU = Debug|Any CPU
		Release|Any CPU = Release|Any CPU
	EndGlobalSection
	GlobalSection(ProjectConfigurationPlatforms) = postSolution
		{48E51FA0-A420-4F35-99E7-4CB3006F3247}.Debug|Any CPU.ActiveCfg = Debug|Any CPU
		{48E51FA0-A420-4F35-99E7-4CB3006F3247}.Debug|Any CPU.Build.0 = Debug|Any CPU
		{48E51FA0-A420-4F35-99E7-4CB3006F3247}.Release|Any CPU.ActiveCfg = Release|Any CPU
		{48E51FA0-A420-4F35-99E7-4CB3006F3247}.Release|Any CPU.Build.0 = Release|Any CPU
	EndGlobalSection
	GlobalSection(SolutionProperties) = preSolution
		HideSolutionNode = FALSE
	EndGlobalSection
	GlobalSection(ExtensibilityGlobals) = postSolution
		SolutionGuid = {5CA9BE2D-8553-4E0A-91CC-B5F6DE1C149D}
	EndGlobalSection
EndGlobal
